
Microsoft Visual Studio Solution File, Format Version 12.00
# Visual Studio 15
VisualStudioVersion = 15.0.27130.2036
MinimumVisualStudioVersion = 10.0.40219.1
Project("{FAE04EC0-301F-11D3-BF4B-00C04F79EFBC}") = "Radio021.Android", "Radio021\Radio021.Android\Radio021.Android.csproj", "{E51F14DE-3131-4044-99B3-CA31FD9670BB}"
EndProject
Project("{FAE04EC0-301F-11D3-BF4B-00C04F79EFBC}") = "Radio021.iOS", "Radio021\Radio021.iOS\Radio021.iOS.csproj", "{0B8667B9-FAB9-431B-A37B-CE168D752C70}"
EndProject
Project("{FAE04EC0-301F-11D3-BF4B-00C04F79EFBC}") = "Radio021", "Radio021\Radio021\Radio021.csproj", "{FCA25348-FC43-4DDE-9B94-25A9591EC8EE}"
EndProject
Global
	GlobalSection(SolutionConfigurationPlatforms) = preSolution
		Ad-Hoc|Any CPU = Ad-Hoc|Any CPU
		Ad-Hoc|ARM = Ad-Hoc|ARM
		Ad-Hoc|iPhone = Ad-Hoc|iPhone
		Ad-Hoc|iPhoneSimulator = Ad-Hoc|iPhoneSimulator
		Ad-Hoc|x64 = Ad-Hoc|x64
		Ad-Hoc|x86 = Ad-Hoc|x86
		AppStore|Any CPU = AppStore|Any CPU
		AppStore|ARM = AppStore|ARM
		AppStore|iPhone = AppStore|iPhone
		AppStore|iPhoneSimulator = AppStore|iPhoneSimulator
		AppStore|x64 = AppStore|x64
		AppStore|x86 = AppStore|x86
		Debug|Any CPU = Debug|Any CPU
		Debug|ARM = Debug|ARM
		Debug|iPhone = Debug|iPhone
		Debug|iPhoneSimulator = Debug|iPhoneSimulator
		Debug|x64 = Debug|x64
		Debug|x86 = Debug|x86
		Release|Any CPU = Release|Any CPU
		Release|ARM = Release|ARM
		Release|iPhone = Release|iPhone
		Release|iPhoneSimulator = Release|iPhoneSimulator
		Release|x64 = Release|x64
		Release|x86 = Release|x86
	EndGlobalSection
	GlobalSection(ProjectConfigurationPlatforms) = postSolution
		{E51F14DE-3131-4044-99B3-CA31FD9670BB}.Ad-Hoc|Any CPU.ActiveCfg = Release|Any CPU
		{E51F14DE-3131-4044-99B3-CA31FD9670BB}.Ad-Hoc|Any CPU.Build.0 = Release|Any CPU
		{E51F14DE-3131-4044-99B3-CA31FD9670BB}.Ad-Hoc|Any CPU.Deploy.0 = Release|Any CPU
		{E51F14DE-3131-4044-99B3-CA31FD9670BB}.Ad-Hoc|ARM.ActiveCfg = Release|Any CPU
		{E51F14DE-3131-4044-99B3-CA31FD9670BB}.Ad-Hoc|ARM.Build.0 = Release|Any CPU
		{E51F14DE-3131-4044-99B3-CA31FD9670BB}.Ad-Hoc|ARM.Deploy.0 = Release|Any CPU
		{E51F14DE-3131-4044-99B3-CA31FD9670BB}.Ad-Hoc|iPhone.ActiveCfg = Release|Any CPU
		{E51F14DE-3131-4044-99B3-CA31FD9670BB}.Ad-Hoc|iPhone.Build.0 = Release|Any CPU
		{E51F14DE-3131-4044-99B3-CA31FD9670BB}.Ad-Hoc|iPhone.Deploy.0 = Release|Any CPU
		{E51F14DE-3131-4044-99B3-CA31FD9670BB}.Ad-Hoc|iPhoneSimulator.ActiveCfg = Release|Any CPU
		{E51F14DE-3131-4044-99B3-CA31FD9670BB}.Ad-Hoc|iPhoneSimulator.Build.0 = Release|Any CPU
		{E51F14DE-3131-4044-99B3-CA31FD9670BB}.Ad-Hoc|iPhoneSimulator.Deploy.0 = Release|Any CPU
		{E51F14DE-3131-4044-99B3-CA31FD9670BB}.Ad-Hoc|x64.ActiveCfg = Release|Any CPU
		{E51F14DE-3131-4044-99B3-CA31FD9670BB}.Ad-Hoc|x64.Build.0 = Release|Any CPU
		{E51F14DE-3131-4044-99B3-CA31FD9670BB}.Ad-Hoc|x64.Deploy.0 = Release|Any CPU
		{E51F14DE-3131-4044-99B3-CA31FD9670BB}.Ad-Hoc|x86.ActiveCfg = Release|Any CPU
		{E51F14DE-3131-4044-99B3-CA31FD9670BB}.Ad-Hoc|x86.Build.0 = Release|Any CPU
		{E51F14DE-3131-4044-99B3-CA31FD9670BB}.Ad-Hoc|x86.Deploy.0 = Release|Any CPU
		{E51F14DE-3131-4044-99B3-CA31FD9670BB}.AppStore|Any CPU.ActiveCfg = Release|Any CPU
		{E51F14DE-3131-4044-99B3-CA31FD9670BB}.AppStore|Any CPU.Build.0 = Release|Any CPU
		{E51F14DE-3131-4044-99B3-CA31FD9670BB}.AppStore|Any CPU.Deploy.0 = Release|Any CPU
		{E51F14DE-3131-4044-99B3-CA31FD9670BB}.AppStore|ARM.ActiveCfg = Release|Any CPU
		{E51F14DE-3131-4044-99B3-CA31FD9670BB}.AppStore|ARM.Build.0 = Release|Any CPU
		{E51F14DE-3131-4044-99B3-CA31FD9670BB}.AppStore|ARM.Deploy.0 = Release|Any CPU
		{E51F14DE-3131-4044-99B3-CA31FD9670BB}.AppStore|iPhone.ActiveCfg = Release|Any CPU
		{E51F14DE-3131-4044-99B3-CA31FD9670BB}.AppStore|iPhone.Build.0 = Release|Any CPU
		{E51F14DE-3131-4044-99B3-CA31FD9670BB}.AppStore|iPhone.Deploy.0 = Release|Any CPU
		{E51F14DE-3131-4044-99B3-CA31FD9670BB}.AppStore|iPhoneSimulator.ActiveCfg = Release|Any CPU
		{E51F14DE-3131-4044-99B3-CA31FD9670BB}.AppStore|iPhoneSimulator.Build.0 = Release|Any CPU
		{E51F14DE-3131-4044-99B3-CA31FD9670BB}.AppStore|iPhoneSimulator.Deploy.0 = Release|Any CPU
		{E51F14DE-3131-4044-99B3-CA31FD9670BB}.AppStore|x64.ActiveCfg = Release|Any CPU
		{E51F14DE-3131-4044-99B3-CA31FD9670BB}.AppStore|x64.Build.0 = Release|Any CPU
		{E51F14DE-3131-4044-99B3-CA31FD9670BB}.AppStore|x64.Deploy.0 = Release|Any CPU
		{E51F14DE-3131-4044-99B3-CA31FD9670BB}.AppStore|x86.ActiveCfg = Release|Any CPU
		{E51F14DE-3131-4044-99B3-CA31FD9670BB}.AppStore|x86.Build.0 = Release|Any CPU
		{E51F14DE-3131-4044-99B3-CA31FD9670BB}.AppStore|x86.Deploy.0 = Release|Any CPU
		{E51F14DE-3131-4044-99B3-CA31FD9670BB}.Debug|Any CPU.ActiveCfg = Debug|Any CPU
		{E51F14DE-3131-4044-99B3-CA31FD9670BB}.Debug|Any CPU.Build.0 = Debug|Any CPU
		{E51F14DE-3131-4044-99B3-CA31FD9670BB}.Debug|Any CPU.Deploy.0 = Debug|Any CPU
		{E51F14DE-3131-4044-99B3-CA31FD9670BB}.Debug|ARM.ActiveCfg = Debug|Any CPU
		{E51F14DE-3131-4044-99B3-CA31FD9670BB}.Debug|ARM.Build.0 = Debug|Any CPU
		{E51F14DE-3131-4044-99B3-CA31FD9670BB}.Debug|ARM.Deploy.0 = Debug|Any CPU
		{E51F14DE-3131-4044-99B3-CA31FD9670BB}.Debug|iPhone.ActiveCfg = Debug|Any CPU
		{E51F14DE-3131-4044-99B3-CA31FD9670BB}.Debug|iPhone.Build.0 = Debug|Any CPU
		{E51F14DE-3131-4044-99B3-CA31FD9670BB}.Debug|iPhone.Deploy.0 = Debug|Any CPU
		{E51F14DE-3131-4044-99B3-CA31FD9670BB}.Debug|iPhoneSimulator.ActiveCfg = Debug|Any CPU
		{E51F14DE-3131-4044-99B3-CA31FD9670BB}.Debug|iPhoneSimulator.Build.0 = Debug|Any CPU
		{E51F14DE-3131-4044-99B3-CA31FD9670BB}.Debug|iPhoneSimulator.Deploy.0 = Debug|Any CPU
		{E51F14DE-3131-4044-99B3-CA31FD9670BB}.Debug|x64.ActiveCfg = Debug|Any CPU
		{E51F14DE-3131-4044-99B3-CA31FD9670BB}.Debug|x64.Build.0 = Debug|Any CPU
		{E51F14DE-3131-4044-99B3-CA31FD9670BB}.Debug|x64.Deploy.0 = Debug|Any CPU
		{E51F14DE-3131-4044-99B3-CA31FD9670BB}.Debug|x86.ActiveCfg = Debug|Any CPU
		{E51F14DE-3131-4044-99B3-CA31FD9670BB}.Debug|x86.Build.0 = Debug|Any CPU
		{E51F14DE-3131-4044-99B3-CA31FD9670BB}.Debug|x86.Deploy.0 = Debug|Any CPU
		{E51F14DE-3131-4044-99B3-CA31FD9670BB}.Release|Any CPU.ActiveCfg = Release|Any CPU
		{E51F14DE-3131-4044-99B3-CA31FD9670BB}.Release|Any CPU.Build.0 = Release|Any CPU
		{E51F14DE-3131-4044-99B3-CA31FD9670BB}.Release|Any CPU.Deploy.0 = Release|Any CPU
		{E51F14DE-3131-4044-99B3-CA31FD9670BB}.Release|ARM.ActiveCfg = Release|Any CPU
		{E51F14DE-3131-4044-99B3-CA31FD9670BB}.Release|ARM.Build.0 = Release|Any CPU
		{E51F14DE-3131-4044-99B3-CA31FD9670BB}.Release|ARM.Deploy.0 = Release|Any CPU
		{E51F14DE-3131-4044-99B3-CA31FD9670BB}.Release|iPhone.ActiveCfg = Release|Any CPU
		{E51F14DE-3131-4044-99B3-CA31FD9670BB}.Release|iPhone.Build.0 = Release|Any CPU
		{E51F14DE-3131-4044-99B3-CA31FD9670BB}.Release|iPhone.Deploy.0 = Release|Any CPU
		{E51F14DE-3131-4044-99B3-CA31FD9670BB}.Release|iPhoneSimulator.ActiveCfg = Release|Any CPU
		{E51F14DE-3131-4044-99B3-CA31FD9670BB}.Release|iPhoneSimulator.Build.0 = Release|Any CPU
		{E51F14DE-3131-4044-99B3-CA31FD9670BB}.Release|iPhoneSimulator.Deploy.0 = Release|Any CPU
		{E51F14DE-3131-4044-99B3-CA31FD9670BB}.Release|x64.ActiveCfg = Release|Any CPU
		{E51F14DE-3131-4044-99B3-CA31FD9670BB}.Release|x64.Build.0 = Release|Any CPU
		{E51F14DE-3131-4044-99B3-CA31FD9670BB}.Release|x64.Deploy.0 = Release|Any CPU
		{E51F14DE-3131-4044-99B3-CA31FD9670BB}.Release|x86.ActiveCfg = Release|Any CPU
		{E51F14DE-3131-4044-99B3-CA31FD9670BB}.Release|x86.Build.0 = Release|Any CPU
		{E51F14DE-3131-4044-99B3-CA31FD9670BB}.Release|x86.Deploy.0 = Release|Any CPU
		{0B8667B9-FAB9-431B-A37B-CE168D752C70}.Ad-Hoc|Any CPU.ActiveCfg = Ad-Hoc|iPhone
		{0B8667B9-FAB9-431B-A37B-CE168D752C70}.Ad-Hoc|ARM.ActiveCfg = Ad-Hoc|iPhone
		{0B8667B9-FAB9-431B-A37B-CE168D752C70}.Ad-Hoc|iPhone.ActiveCfg = Ad-Hoc|iPhone
		{0B8667B9-FAB9-431B-A37B-CE168D752C70}.Ad-Hoc|iPhone.Build.0 = Ad-Hoc|iPhone
		{0B8667B9-FAB9-431B-A37B-CE168D752C70}.Ad-Hoc|iPhoneSimulator.ActiveCfg = Ad-Hoc|iPhoneSimulator
		{0B8667B9-FAB9-431B-A37B-CE168D752C70}.Ad-Hoc|iPhoneSimulator.Build.0 = Ad-Hoc|iPhoneSimulator
		{0B8667B9-FAB9-431B-A37B-CE168D752C70}.Ad-Hoc|x64.ActiveCfg = Ad-Hoc|iPhone
		{0B8667B9-FAB9-431B-A37B-CE168D752C70}.Ad-Hoc|x86.ActiveCfg = Ad-Hoc|iPhone
		{0B8667B9-FAB9-431B-A37B-CE168D752C70}.AppStore|Any CPU.ActiveCfg = AppStore|iPhone
		{0B8667B9-FAB9-431B-A37B-CE168D752C70}.AppStore|ARM.ActiveCfg = AppStore|iPhone
		{0B8667B9-FAB9-431B-A37B-CE168D752C70}.AppStore|iPhone.ActiveCfg = AppStore|iPhone
		{0B8667B9-FAB9-431B-A37B-CE168D752C70}.AppStore|iPhone.Build.0 = AppStore|iPhone
		{0B8667B9-FAB9-431B-A37B-CE168D752C70}.AppStore|iPhoneSimulator.ActiveCfg = AppStore|iPhoneSimulator
		{0B8667B9-FAB9-431B-A37B-CE168D752C70}.AppStore|iPhoneSimulator.Build.0 = AppStore|iPhoneSimulator
		{0B8667B9-FAB9-431B-A37B-CE168D752C70}.AppStore|x64.ActiveCfg = AppStore|iPhone
		{0B8667B9-FAB9-431B-A37B-CE168D752C70}.AppStore|x86.ActiveCfg = AppStore|iPhone
		{0B8667B9-FAB9-431B-A37B-CE168D752C70}.Debug|Any CPU.ActiveCfg = Debug|iPhone
		{0B8667B9-FAB9-431B-A37B-CE168D752C70}.Debug|ARM.ActiveCfg = Debug|iPhone
		{0B8667B9-FAB9-431B-A37B-CE168D752C70}.Debug|iPhone.ActiveCfg = Debug|iPhone
		{0B8667B9-FAB9-431B-A37B-CE168D752C70}.Debug|iPhone.Build.0 = Debug|iPhone
		{0B8667B9-FAB9-431B-A37B-CE168D752C70}.Debug|iPhoneSimulator.ActiveCfg = Debug|iPhoneSimulator
		{0B8667B9-FAB9-431B-A37B-CE168D752C70}.Debug|iPhoneSimulator.Build.0 = Debug|iPhoneSimulator
		{0B8667B9-FAB9-431B-A37B-CE168D752C70}.Debug|x64.ActiveCfg = Debug|iPhone
		{0B8667B9-FAB9-431B-A37B-CE168D752C70}.Debug|x86.ActiveCfg = Debug|iPhone
		{0B8667B9-FAB9-431B-A37B-CE168D752C70}.Release|Any CPU.ActiveCfg = Release|iPhone
		{0B8667B9-FAB9-431B-A37B-CE168D752C70}.Release|ARM.ActiveCfg = Release|iPhone
		{0B8667B9-FAB9-431B-A37B-CE168D752C70}.Release|iPhone.ActiveCfg = Release|iPhone
		{0B8667B9-FAB9-431B-A37B-CE168D752C70}.Release|iPhone.Build.0 = Release|iPhone
		{0B8667B9-FAB9-431B-A37B-CE168D752C70}.Release|iPhoneSimulator.ActiveCfg = Release|iPhoneSimulator
		{0B8667B9-FAB9-431B-A37B-CE168D752C70}.Release|iPhoneSimulator.Build.0 = Release|iPhoneSimulator
		{0B8667B9-FAB9-431B-A37B-CE168D752C70}.Release|x64.ActiveCfg = Release|iPhone
		{0B8667B9-FAB9-431B-A37B-CE168D752C70}.Release|x86.ActiveCfg = Release|iPhone
		{FCA25348-FC43-4DDE-9B94-25A9591EC8EE}.Ad-Hoc|Any CPU.ActiveCfg = Debug|Any CPU
		{FCA25348-FC43-4DDE-9B94-25A9591EC8EE}.Ad-Hoc|Any CPU.Build.0 = Debug|Any CPU
		{FCA25348-FC43-4DDE-9B94-25A9591EC8EE}.Ad-Hoc|ARM.ActiveCfg = Debug|Any CPU
		{FCA25348-FC43-4DDE-9B94-25A9591EC8EE}.Ad-Hoc|ARM.Build.0 = Debug|Any CPU
		{FCA25348-FC43-4DDE-9B94-25A9591EC8EE}.Ad-Hoc|iPhone.ActiveCfg = Debug|Any CPU
		{FCA25348-FC43-4DDE-9B94-25A9591EC8EE}.Ad-Hoc|iPhone.Build.0 = Debug|Any CPU
		{FCA25348-FC43-4DDE-9B94-25A9591EC8EE}.Ad-Hoc|iPhoneSimulator.ActiveCfg = Debug|Any CPU
		{FCA25348-FC43-4DDE-9B94-25A9591EC8EE}.Ad-Hoc|iPhoneSimulator.Build.0 = Debug|Any CPU
		{FCA25348-FC43-4DDE-9B94-25A9591EC8EE}.Ad-Hoc|x64.ActiveCfg = Debug|Any CPU
		{FCA25348-FC43-4DDE-9B94-25A9591EC8EE}.Ad-Hoc|x64.Build.0 = Debug|Any CPU
		{FCA25348-FC43-4DDE-9B94-25A9591EC8EE}.Ad-Hoc|x86.ActiveCfg = Debug|Any CPU
		{FCA25348-FC43-4DDE-9B94-25A9591EC8EE}.Ad-Hoc|x86.Build.0 = Debug|Any CPU
		{FCA25348-FC43-4DDE-9B94-25A9591EC8EE}.AppStore|Any CPU.ActiveCfg = Debug|Any CPU
		{FCA25348-FC43-4DDE-9B94-25A9591EC8EE}.AppStore|Any CPU.Build.0 = Debug|Any CPU
		{FCA25348-FC43-4DDE-9B94-25A9591EC8EE}.AppStore|ARM.ActiveCfg = Debug|Any CPU
		{FCA25348-FC43-4DDE-9B94-25A9591EC8EE}.AppStore|ARM.Build.0 = Debug|Any CPU
		{FCA25348-FC43-4DDE-9B94-25A9591EC8EE}.AppStore|iPhone.ActiveCfg = Debug|Any CPU
		{FCA25348-FC43-4DDE-9B94-25A9591EC8EE}.AppStore|iPhone.Build.0 = Debug|Any CPU
		{FCA25348-FC43-4DDE-9B94-25A9591EC8EE}.AppStore|iPhoneSimulator.ActiveCfg = Debug|Any CPU
		{FCA25348-FC43-4DDE-9B94-25A9591EC8EE}.AppStore|iPhoneSimulator.Build.0 = Debug|Any CPU
		{FCA25348-FC43-4DDE-9B94-25A9591EC8EE}.AppStore|x64.ActiveCfg = Debug|Any CPU
		{FCA25348-FC43-4DDE-9B94-25A9591EC8EE}.AppStore|x64.Build.0 = Debug|Any CPU
		{FCA25348-FC43-4DDE-9B94-25A9591EC8EE}.AppStore|x86.ActiveCfg = Debug|Any CPU
		{FCA25348-FC43-4DDE-9B94-25A9591EC8EE}.AppStore|x86.Build.0 = Debug|Any CPU
		{FCA25348-FC43-4DDE-9B94-25A9591EC8EE}.Debug|Any CPU.ActiveCfg = Debug|Any CPU
		{FCA25348-FC43-4DDE-9B94-25A9591EC8EE}.Debug|Any CPU.Build.0 = Debug|Any CPU
		{FCA25348-FC43-4DDE-9B94-25A9591EC8EE}.Debug|ARM.ActiveCfg = Debug|Any CPU
		{FCA25348-FC43-4DDE-9B94-25A9591EC8EE}.Debug|ARM.Build.0 = Debug|Any CPU
		{FCA25348-FC43-4DDE-9B94-25A9591EC8EE}.Debug|iPhone.ActiveCfg = Debug|Any CPU
		{FCA25348-FC43-4DDE-9B94-25A9591EC8EE}.Debug|iPhone.Build.0 = Debug|Any CPU
		{FCA25348-FC43-4DDE-9B94-25A9591EC8EE}.Debug|iPhoneSimulator.ActiveCfg = Debug|Any CPU
		{FCA25348-FC43-4DDE-9B94-25A9591EC8EE}.Debug|iPhoneSimulator.Build.0 = Debug|Any CPU
		{FCA25348-FC43-4DDE-9B94-25A9591EC8EE}.Debug|x64.ActiveCfg = Debug|Any CPU
		{FCA25348-FC43-4DDE-9B94-25A9591EC8EE}.Debug|x64.Build.0 = Debug|Any CPU
		{FCA25348-FC43-4DDE-9B94-25A9591EC8EE}.Debug|x86.ActiveCfg = Debug|Any CPU
		{FCA25348-FC43-4DDE-9B94-25A9591EC8EE}.Debug|x86.Build.0 = Debug|Any CPU
		{FCA25348-FC43-4DDE-9B94-25A9591EC8EE}.Release|Any CPU.ActiveCfg = Release|Any CPU
		{FCA25348-FC43-4DDE-9B94-25A9591EC8EE}.Release|Any CPU.Build.0 = Release|Any CPU
		{FCA25348-FC43-4DDE-9B94-25A9591EC8EE}.Release|ARM.ActiveCfg = Release|Any CPU
		{FCA25348-FC43-4DDE-9B94-25A9591EC8EE}.Release|ARM.Build.0 = Release|Any CPU
		{FCA25348-FC43-4DDE-9B94-25A9591EC8EE}.Release|iPhone.ActiveCfg = Release|Any CPU
		{FCA25348-FC43-4DDE-9B94-25A9591EC8EE}.Release|iPhone.Build.0 = Release|Any CPU
		{FCA25348-FC43-4DDE-9B94-25A9591EC8EE}.Release|iPhoneSimulator.ActiveCfg = Release|Any CPU
		{FCA25348-FC43-4DDE-9B94-25A9591EC8EE}.Release|iPhoneSimulator.Build.0 = Release|Any CPU
		{FCA25348-FC43-4DDE-9B94-25A9591EC8EE}.Release|x64.ActiveCfg = Release|Any CPU
		{FCA25348-FC43-4DDE-9B94-25A9591EC8EE}.Release|x64.Build.0 = Release|Any CPU
		{FCA25348-FC43-4DDE-9B94-25A9591EC8EE}.Release|x86.ActiveCfg = Release|Any CPU
		{FCA25348-FC43-4DDE-9B94-25A9591EC8EE}.Release|x86.Build.0 = Release|Any CPU
	EndGlobalSection
	GlobalSection(SolutionProperties) = preSolution
		HideSolutionNode = FALSE
	EndGlobalSection
	GlobalSection(ExtensibilityGlobals) = postSolution
		SolutionGuid = {4758A099-E736-4903-9825-6FCB99186148}
	EndGlobalSection
	GlobalSection(MonoDevelopProperties) = preSolution
		Policies = $0
		$0.DotNetNamingPolicy = $1
		$1.DirectoryNamespaceAssociation = PrefixedHierarchical
		$0.StandardHeader = $2
		$0.VersionControlPolicy = $3
		version = 1.2
	EndGlobalSection
EndGlobal
